%{
  "cowboy": {:hex, :cowboy, "2.10.0", "ff9ffeff91dae4ae270dd975642997afe2a1179d94b1887863e43f681a203e26", [:make, :rebar3], [{:cowlib, "2.12.1", [hex: :cowlib, repo: "hexpm", optional: false]}, {:ranch, "1.8.0", [hex: :ranch, repo: "hexpm", optional: false]}], "hexpm", "3afdccb7183cc6f143cb14d3cf51fa00e53db9ec80cdcd525482f5e99bc41d6b"},
  "cowboy_telemetry": {:hex, :cowboy_telemetry, "0.3.1", "ebd1a1d7aff97f27c66654e78ece187abdc646992714164380d8a041eda16754", [:rebar3], [{:cowboy, "~> 2.7", [hex: :cowboy, repo: "hexpm", optional: false]}, {:telemetry, "~> 0.4", [hex: :telemetry, repo: "hexpm", optional: false]}], "hexpm", "3a6efd3366130eab84ca372cbd4a7d3c3a97bdfcfb4911233b035d117063f0af"},
  "cowlib": {:hex, :cowlib, "2.12.1", "a9fa9a625f1d2025fe6b462cb865881329b5caff8f1854d1cbc9f9533f00e1e1", [:make, :rebar3], [], "hexpm", "163b73f6367a7341b33c794c4e88e7dbfe6498ac42dcd69ef44c5bc5507c8db0"},
  "expo": {:hex, :expo, "0.4.1", "1c61d18a5df197dfda38861673d392e642649a9cef7694d2f97a587b2cfb319b", [:mix], [], "hexpm", "2ff7ba7a798c8c543c12550fa0e2cbc81b95d4974c65855d8d15ba7b37a1ce47"},
  "gettext": {:hex, :gettext, "0.22.3", "c8273e78db4a0bb6fba7e9f0fd881112f349a3117f7f7c598fa18c66c888e524", [:mix], [{:expo, "~> 0.4.0", [hex: :expo, repo: "hexpm", optional: false]}], "hexpm", "935f23447713954a6866f1bb28c3a878c4c011e802bcd68a726f5e558e4b64bd"},
  "google_protos": {:hex, :google_protos, "0.3.0", "15faf44dce678ac028c289668ff56548806e313e4959a3aaf4f6e1ebe8db83f4", [:mix], [{:protobuf, "~> 0.10", [hex: :protobuf, repo: "hexpm", optional: false]}], "hexpm", "1f6b7fb20371f72f418b98e5e48dae3e022a9a6de1858d4b254ac5a5d0b4035f"},
  "grpc": {:git, "https://github.com/elixir-grpc/grpc.git", "fc0b9bbd7e037697e287bf7cd21c5d118fd85732", []},
  "gun": {:hex, :gun, "2.0.1", "160a9a5394800fcba41bc7e6d421295cf9a7894c2252c0678244948e3336ad73", [:make, :rebar3], [{:cowlib, "2.12.1", [hex: :cowlib, repo: "hexpm", optional: false]}], "hexpm", "a10bc8d6096b9502205022334f719cc9a08d9adcfbfc0dbee9ef31b56274a20b"},
  "hpax": {:hex, :hpax, "0.1.2", "09a75600d9d8bbd064cdd741f21fc06fc1f4cf3d0fcc335e5aa19be1a7235c84", [:mix], [], "hexpm", "2c87843d5a23f5f16748ebe77969880e29809580efdaccd615cd3bed628a8c13"},
  "jason": {:hex, :jason, "1.4.0", "e855647bc964a44e2f67df589ccf49105ae039d4179db7f6271dfd3843dc27e6", [:mix], [{:decimal, "~> 1.0 or ~> 2.0", [hex: :decimal, repo: "hexpm", optional: true]}], "hexpm", "79a3791085b2a0f743ca04cec0f7be26443738779d09302e01318f97bdb82121"},
  "mime": {:hex, :mime, "2.0.3", "3676436d3d1f7b81b5a2d2bd8405f412c677558c81b1c92be58c00562bb59095", [:mix], [], "hexpm", "27a30bf0db44d25eecba73755acf4068cbfe26a4372f9eb3e4ea3a45956bff6b"},
  "mint": {:hex, :mint, "1.4.2", "50330223429a6e1260b2ca5415f69b0ab086141bc76dc2fbf34d7c389a6675b2", [:mix], [{:castore, "~> 0.1.0", [hex: :castore, repo: "hexpm", optional: true]}, {:hpax, "~> 0.1.1", [hex: :hpax, repo: "hexpm", optional: false]}], "hexpm", "ce75a5bbcc59b4d7d8d70f8b2fc284b1751ffb35c7b6a6302b5192f8ab4ddd80"},
  "phoenix": {:hex, :phoenix, "1.4.18", "3f586505ae17bdcfd044572b59c9a3be2761bb67e1d7c97cc5046ff750e0831a", [:mix], [{:jason, "~> 1.0", [hex: :jason, repo: "hexpm", optional: true]}, {:phoenix_pubsub, "~> 1.1", [hex: :phoenix_pubsub, repo: "hexpm", optional: false]}, {:plug, "~> 1.8.1 or ~> 1.9", [hex: :plug, repo: "hexpm", optional: false]}, {:plug_cowboy, "~> 1.0 or ~> 2.0", [hex: :plug_cowboy, repo: "hexpm", optional: true]}, {:telemetry, "~> 0.4", [hex: :telemetry, repo: "hexpm", optional: false]}], "hexpm", "13844c7aeff41df88ca1313dafdc9603b2b2e689d8b72f77a3dcaef6c2b6463c"},
  "phoenix_pubsub": {:hex, :phoenix_pubsub, "1.1.2", "496c303bdf1b2e98a9d26e89af5bba3ab487ba3a3735f74bf1f4064d2a845a3e", [:mix], [], "hexpm", "1f13f9f0f3e769a667a6b6828d29dec37497a082d195cc52dbef401a9b69bf38"},
  "plug": {:hex, :plug, "1.14.0", "ba4f558468f69cbd9f6b356d25443d0b796fbdc887e03fa89001384a9cac638f", [:mix], [{:mime, "~> 1.0 or ~> 2.0", [hex: :mime, repo: "hexpm", optional: false]}, {:plug_crypto, "~> 1.1.1 or ~> 1.2", [hex: :plug_crypto, repo: "hexpm", optional: false]}, {:telemetry, "~> 0.4.3 or ~> 1.0", [hex: :telemetry, repo: "hexpm", optional: false]}], "hexpm", "bf020432c7d4feb7b3af16a0c2701455cbbbb95e5b6866132cb09eb0c29adc14"},
  "plug_cowboy": {:hex, :plug_cowboy, "2.6.1", "9a3bbfceeb65eff5f39dab529e5cd79137ac36e913c02067dba3963a26efe9b2", [:mix], [{:cowboy, "~> 2.7", [hex: :cowboy, repo: "hexpm", optional: false]}, {:cowboy_telemetry, "~> 0.3", [hex: :cowboy_telemetry, repo: "hexpm", optional: false]}, {:plug, "~> 1.14", [hex: :plug, repo: "hexpm", optional: false]}], "hexpm", "de36e1a21f451a18b790f37765db198075c25875c64834bcc82d90b309eb6613"},
  "plug_crypto": {:hex, :plug_crypto, "1.2.5", "918772575e48e81e455818229bf719d4ab4181fcbf7f85b68a35620f78d89ced", [:mix], [], "hexpm", "26549a1d6345e2172eb1c233866756ae44a9609bd33ee6f99147ab3fd87fd842"},
  "protobuf": {:hex, :protobuf, "0.12.0", "58c0dfea5f929b96b5aa54ec02b7130688f09d2de5ddc521d696eec2a015b223", [:mix], [{:jason, "~> 1.2", [hex: :jason, repo: "hexpm", optional: true]}], "hexpm", "75fa6cbf262062073dd51be44dd0ab940500e18386a6c4e87d5819a58964dc45"},
  "ranch": {:hex, :ranch, "1.8.0", "8c7a100a139fd57f17327b6413e4167ac559fbc04ca7448e9be9057311597a1d", [:make, :rebar3], [], "hexpm", "49fbcfd3682fab1f5d109351b61257676da1a2fdbe295904176d5e521a2ddfe5"},
  "telemetry": {:hex, :telemetry, "0.4.3", "a06428a514bdbc63293cd9a6263aad00ddeb66f608163bdec7c8995784080818", [:rebar3], [], "hexpm", "eb72b8365ffda5bed68a620d1da88525e326cb82a75ee61354fc24b844768041"},
}
